// !$*UTF8*$!
{
	archiveVersion = 1;
	classes = {
	};
	objectVersion = 50;
	objects = {

/* Begin PBXBuildFile section */
		CACFE02E2783516C00D80D3D /* AppDelegate.swift in Sources */ = {isa = PBXBuildFile; fileRef = CACFE02D2783516C00D80D3D /* AppDelegate.swift */; };
		CACFE0302783516C00D80D3D /* SceneDelegate.swift in Sources */ = {isa = PBXBuildFile; fileRef = CACFE02F2783516C00D80D3D /* SceneDelegate.swift */; };
		CACFE0322783516C00D80D3D /* StartViewController.swift in Sources */ = {isa = PBXBuildFile; fileRef = CACFE0312783516C00D80D3D /* StartViewController.swift */; };
		CACFE0352783516C00D80D3D /* Main.storyboard in Resources */ = {isa = PBXBuildFile; fileRef = CACFE0332783516C00D80D3D /* Main.storyboard */; };
		CACFE0372783517A00D80D3D /* Assets.xcassets in Resources */ = {isa = PBXBuildFile; fileRef = CACFE0362783517A00D80D3D /* Assets.xcassets */; };
		CACFE03A2783517A00D80D3D /* LaunchScreen.storyboard in Resources */ = {isa = PBXBuildFile; fileRef = CACFE0382783517A00D80D3D /* LaunchScreen.storyboard */; };
		CACFE0432783644A00D80D3D /* DataManager.swift in Sources */ = {isa = PBXBuildFile; fileRef = CACFE0422783644A00D80D3D /* DataManager.swift */; };
		CACFE0462783671300D80D3D /* Model.swift in Sources */ = {isa = PBXBuildFile; fileRef = CACFE0452783671300D80D3D /* Model.swift */; };
		CACFE06B278499E200D80D3D /* MainViewController.swift in Sources */ = {isa = PBXBuildFile; fileRef = CACFE06A278499E100D80D3D /* MainViewController.swift */; };
/* End PBXBuildFile section */

/* Begin PBXFileReference section */
		CACFE02A2783516C00D80D3D /* teamProject.app */ = {isa = PBXFileReference; explicitFileType = wrapper.application; includeInIndex = 0; path = teamProject.app; sourceTree = BUILT_PRODUCTS_DIR; };
		CACFE02D2783516C00D80D3D /* AppDelegate.swift */ = {isa = PBXFileReference; lastKnownFileType = sourcecode.swift; path = AppDelegate.swift; sourceTree = "<group>"; };
		CACFE02F2783516C00D80D3D /* SceneDelegate.swift */ = {isa = PBXFileReference; lastKnownFileType = sourcecode.swift; path = SceneDelegate.swift; sourceTree = "<group>"; };
		CACFE0312783516C00D80D3D /* StartViewController.swift */ = {isa = PBXFileReference; lastKnownFileType = sourcecode.swift; path = StartViewController.swift; sourceTree = "<group>"; };
		CACFE0342783516C00D80D3D /* Base */ = {isa = PBXFileReference; lastKnownFileType = file.storyboard; name = Base; path = Base.lproj/Main.storyboard; sourceTree = "<group>"; };
		CACFE0362783517A00D80D3D /* Assets.xcassets */ = {isa = PBXFileReference; lastKnownFileType = folder.assetcatalog; path = Assets.xcassets; sourceTree = "<group>"; };
		CACFE0392783517A00D80D3D /* Base */ = {isa = PBXFileReference; lastKnownFileType = file.storyboard; name = Base; path = Base.lproj/LaunchScreen.storyboard; sourceTree = "<group>"; };
		CACFE03B2783517A00D80D3D /* Info.plist */ = {isa = PBXFileReference; lastKnownFileType = text.plist.xml; path = Info.plist; sourceTree = "<group>"; };
		CACFE0422783644A00D80D3D /* DataManager.swift */ = {isa = PBXFileReference; lastKnownFileType = sourcecode.swift; path = DataManager.swift; sourceTree = "<group>"; };
		CACFE0452783671300D80D3D /* Model.swift */ = {isa = PBXFileReference; lastKnownFileType = sourcecode.swift; path = Model.swift; sourceTree = "<group>"; };
		CACFE06A278499E100D80D3D /* MainViewController.swift */ = {isa = PBXFileReference; lastKnownFileType = sourcecode.swift; path = MainViewController.swift; sourceTree = "<group>"; };
/* End PBXFileReference section */

/* Begin PBXFrameworksBuildPhase section */
		CACFE0272783516C00D80D3D /* Frameworks */ = {
			isa = PBXFrameworksBuildPhase;
			buildActionMask = 2147483647;
			files = (
			);
			runOnlyForDeploymentPostprocessing = 0;
		};
/* End PBXFrameworksBuildPhase section */

/* Begin PBXGroup section */
		CACFE0212783516B00D80D3D = {
			isa = PBXGroup;
			children = (
				CACFE02C2783516C00D80D3D /* teamProject */,
				CACFE02B2783516C00D80D3D /* Products */,
			);
			sourceTree = "<group>";
		};
		CACFE02B2783516C00D80D3D /* Products */ = {
			isa = PBXGroup;
			children = (
				CACFE02A2783516C00D80D3D /* teamProject.app */,
			);
			name = Products;
			sourceTree = "<group>";
		};
		CACFE02C2783516C00D80D3D /* teamProject */ = {
			isa = PBXGroup;
			children = (
				CACFE02D2783516C00D80D3D /* AppDelegate.swift */,
				CACFE02F2783516C00D80D3D /* SceneDelegate.swift */,
				CACFE0312783516C00D80D3D /* StartViewController.swift */,
				CACFE06A278499E100D80D3D /* MainViewController.swift */,
				CACFE0422783644A00D80D3D /* DataManager.swift */,
				CACFE0452783671300D80D3D /* Model.swift */,
				CACFE0332783516C00D80D3D /* Main.storyboard */,
				CACFE0362783517A00D80D3D /* Assets.xcassets */,
				CACFE0382783517A00D80D3D /* LaunchScreen.storyboard */,
				CACFE03B2783517A00D80D3D /* Info.plist */,
			);
			path = teamProject;
			sourceTree = "<group>";
		};
/* End PBXGroup section */

/* Begin PBXNativeTarget section */
		CACFE0292783516C00D80D3D /* teamProject */ = {
			isa = PBXNativeTarget;
			buildConfigurationList = CACFE03E2783517A00D80D3D /* Build configuration list for PBXNativeTarget "teamProject" */;
			buildPhases = (
				CACFE0262783516C00D80D3D /* Sources */,
				CACFE0272783516C00D80D3D /* Frameworks */,
				CACFE0282783516C00D80D3D /* Resources */,
			);
			buildRules = (
			);
			dependencies = (
			);
			name = teamProject;
			productName = teamProject;
			productReference = CACFE02A2783516C00D80D3D /* teamProject.app */;
			productType = "com.apple.product-type.application";
		};
/* End PBXNativeTarget section */

/* Begin PBXProject section */
		CACFE0222783516B00D80D3D /* Project object */ = {
			isa = PBXProject;
			attributes = {
				LastSwiftUpdateCheck = 1240;
				LastUpgradeCheck = 1240;
				TargetAttributes = {
					CACFE0292783516C00D80D3D = {
						CreatedOnToolsVersion = 12.4;
					};
				};
			};
			buildConfigurationList = CACFE0252783516B00D80D3D /* Build configuration list for PBXProject "teamProject" */;
			compatibilityVersion = "Xcode 9.3";
			developmentRegion = en;
			hasScannedForEncodings = 0;
			knownRegions = (
				en,
				Base,
			);
			mainGroup = CACFE0212783516B00D80D3D;
			productRefGroup = CACFE02B2783516C00D80D3D /* Products */;
			projectDirPath = "";
			projectRoot = "";
			targets = (
				CACFE0292783516C00D80D3D /* teamProject */,
			);
		};
/* End PBXProject section */

/* Begin PBXResourcesBuildPhase section */
		CACFE0282783516C00D80D3D /* Resources */ = {
			isa = PBXResourcesBuildPhase;
			buildActionMask = 2147483647;
			files = (
				CACFE03A2783517A00D80D3D /* LaunchScreen.storyboard in Resources */,
				CACFE0372783517A00D80D3D /* Assets.xcassets in Resources */,
				CACFE0352783516C00D80D3D /* Main.storyboard in Resources */,
			);
			runOnlyForDeploymentPostprocessing = 0;
		};
/* End PBXResourcesBuildPhase section */

/* Begin PBXSourcesBuildPhase section */
		CACFE0262783516C00D80D3D /* Sources */ = {
			isa = PBXSourcesBuildPhase;
			buildActionMask = 2147483647;
			files = (
				CACFE0462783671300D80D3D /* Model.swift in Sources */,
				CACFE0322783516C00D80D3D /* StartViewController.swift in Sources */,
				CACFE0432783644A00D80D3D /* DataManager.swift in Sources */,
				CACFE06B278499E200D80D3D /* MainViewController.swift in Sources */,
				CACFE02E2783516C00D80D3D /* AppDelegate.swift in Sources */,
				CACFE0302783516C00D80D3D /* SceneDelegate.swift in Sources */,
			);
			runOnlyForDeploymentPostprocessing = 0;
		};
/* End PBXSourcesBuildPhase section */

/* Begin PBXVariantGroup section */
		CACFE0332783516C00D80D3D /* Main.storyboard */ = {
			isa = PBXVariantGroup;
			children = (
				CACFE0342783516C00D80D3D /* Base */,
			);
			name = Main.storyboard;
			sourceTree = "<group>";
		};
		CACFE0382783517A00D80D3D /* LaunchScreen.storyboard */ = {
			isa = PBXVariantGroup;
			children = (
				CACFE0392783517A00D80D3D /* Base */,
			);
			name = LaunchScreen.storyboard;
			sourceTree = "<group>";
		};
/* End PBXVariantGroup section */

/* Begin XCBuildConfiguration section */
		CACFE03C2783517A00D80D3D /* Debug */ = {
			isa = XCBuildConfiguration;
			buildSettings = {
				ALWAYS_SEARCH_USER_PATHS = NO;
				CLANG_ANALYZER_NONNULL = YES;
				CLANG_ANALYZER_NUMBER_OBJECT_CONVERSION = YES_AGGRESSIVE;
				CLANG_CXX_LANGUAGE_STANDARD = "gnu++14";
				CLANG_CXX_LIBRARY = "libc++";
				CLANG_ENABLE_MODULES = YES;
				CLANG_ENABLE_OBJC_ARC = YES;
				CLANG_ENABLE_OBJC_WEAK = YES;
				CLANG_WARN_BLOCK_CAPTURE_AUTORELEASING = YES;
				CLANG_WARN_BOOL_CONVERSION = YES;
				CLANG_WARN_COMMA = YES;
				CLANG_WARN_CONSTANT_CONVERSION = YES;
				CLANG_WARN_DEPRECATED_OBJC_IMPLEMENTATIONS = YES;
				CLANG_WARN_DIRECT_OBJC_ISA_USAGE = YES_ERROR;
				CLANG_WARN_DOCUMENTATION_COMMENTS = YES;
				CLANG_WARN_EMPTY_BODY = YES;
				CLANG_WARN_ENUM_CONVERSION = YES;
				CLANG_WARN_INFINITE_RECURSION = YES;
				CLANG_WARN_INT_CONVERSION = YES;
				CLANG_WARN_NON_LITERAL_NULL_CONVERSION = YES;
				CLANG_WARN_OBJC_IMPLICIT_RETAIN_SELF = YES;
				CLANG_WARN_OBJC_LITERAL_CONVERSION = YES;
				CLANG_WARN_OBJC_ROOT_CLASS = YES_ERROR;
				CLANG_WARN_QUOTED_INCLUDE_IN_FRAMEWORK_HEADER = YES;
				CLANG_WARN_RANGE_LOOP_ANALYSIS = YES;
				CLANG_WARN_STRICT_PROTOTYPES = YES;
				CLANG_WARN_SUSPICIOUS_MOVE = YES;
				CLANG_WARN_UNGUARDED_AVAILABILITY = YES_AGGRESSIVE;
				CLANG_WARN_UNREACHABLE_CODE = YES;
				CLANG_WARN__DUPLICATE_METHOD_MATCH = YES;
				COPY_PHASE_STRIP = NO;
				DEBUG_INFORMATION_FORMAT = dwarf;
				ENABLE_STRICT_OBJC_MSGSEND = YES;
				ENABLE_TESTABILITY = YES;
				GCC_C_LANGUAGE_STANDARD = gnu11;
				GCC_DYNAMIC_NO_PIC = NO;
				GCC_NO_COMMON_BLOCKS = YES;
				GCC_OPTIMIZATION_LEVEL = 0;
				GCC_PREPROCESSOR_DEFINITIONS = (
					"DEBUG=1",
					"$(inherited)",
				);
				GCC_WARN_64_TO_32_BIT_CONVERSION = YES;
				GCC_WARN_ABOUT_RETURN_TYPE = YES_ERROR;
				GCC_WARN_UNDECLARED_SELECTOR = YES;
				GCC_WARN_UNINITIALIZED_AUTOS = YES_AGGRESSIVE;
				GCC_WARN_UNUSED_FUNCTION = YES;
				GCC_WARN_UNUSED_VARIABLE = YES;
				IPHONEOS_DEPLOYMENT_TARGET = 14.4;
				MTL_ENABLE_DEBUG_INFO = INCLUDE_SOURCE;
				MTL_FAST_MATH = YES;
				ONLY_ACTIVE_ARCH = YES;
				SDKROOT = iphoneos;
				SWIFT_ACTIVE_COMPILATION_CONDITIONS = DEBUG;
				SWIFT_OPTIMIZATION_LEVEL = "-Onone";
			};
			name = Debug;
		};
		CACFE03D2783517A00D80D3D /* Release */ = {
			isa = XCBuildConfiguration;
			buildSettings = {
				ALWAYS_SEARCH_USER_PATHS = NO;
				CLANG_ANALYZER_NONNULL = YES;
				CLANG_ANALYZER_NUMBER_OBJECT_CONVERSION = YES_AGGRESSIVE;
				CLANG_CXX_LANGUAGE_STANDARD = "gnu++14";
				CLANG_CXX_LIBRARY = "libc++";
				CLANG_ENABLE_MODULES = YES;
				CLANG_ENABLE_OBJC_ARC = YES;
				CLANG_ENABLE_OBJC_WEAK = YES;
				CLANG_WARN_BLOCK_CAPTURE_AUTORELEASING = YES;
				CLANG_WARN_BOOL_CONVERSION = YES;
				CLANG_WARN_COMMA = YES;
				CLANG_WARN_CONSTANT_CONVERSION = YES;
				CLANG_WARN_DEPRECATED_OBJC_IMPLEMENTATIONS = YES;
				CLANG_WARN_DIRECT_OBJC_ISA_USAGE = YES_ERROR;
				CLANG_WARN_DOCUMENTATION_COMMENTS = YES;
				CLANG_WARN_EMPTY_BODY = YES;
				CLANG_WARN_ENUM_CONVERSION = YES;
				CLANG_WARN_INFINITE_RECURSION = YES;
				CLANG_WARN_INT_CONVERSION = YES;
				CLANG_WARN_NON_LITERAL_NULL_CONVERSION = YES;
				CLANG_WARN_OBJC_IMPLICIT_RETAIN_SELF = YES;
				CLANG_WARN_OBJC_LITERAL_CONVERSION = YES;
				CLANG_WARN_OBJC_ROOT_CLASS = YES_ERROR;
				CLANG_WARN_QUOTED_INCLUDE_IN_FRAMEWORK_HEADER = YES;
				CLANG_WARN_RANGE_LOOP_ANALYSIS = YES;
				CLANG_WARN_STRICT_PROTOTYPES = YES;
				CLANG_WARN_SUSPICIOUS_MOVE = YES;
				CLANG_WARN_UNGUARDED_AVAILABILITY = YES_AGGRESSIVE;
				CLANG_WARN_UNREACHABLE_CODE = YES;
				CLANG_WARN__DUPLICATE_METHOD_MATCH = YES;
				COPY_PHASE_STRIP = NO;
				DEBUG_INFORMATION_FORMAT = "dwarf-with-dsym";
				ENABLE_NS_ASSERTIONS = NO;
				ENABLE_STRICT_OBJC_MSGSEND = YES;
				GCC_C_LANGUAGE_STANDARD = gnu11;
				GCC_NO_COMMON_BLOCKS = YES;
				GCC_WARN_64_TO_32_BIT_CONVERSION = YES;
				GCC_WARN_ABOUT_RETURN_TYPE = YES_ERROR;
				GCC_WARN_UNDECLARED_SELECTOR = YES;
				GCC_WARN_UNINITIALIZED_AUTOS = YES_AGGRESSIVE;
				GCC_WARN_UNUSED_FUNCTION = YES;
				GCC_WARN_UNUSED_VARIABLE = YES;
				IPHONEOS_DEPLOYMENT_TARGET = 14.4;
				MTL_ENABLE_DEBUG_INFO = NO;
				MTL_FAST_MATH = YES;
				SDKROOT = iphoneos;
				SWIFT_COMPILATION_MODE = wholemodule;
				SWIFT_OPTIMIZATION_LEVEL = "-O";
				VALIDATE_PRODUCT = YES;
			};
			name = Release;
		};
		CACFE03F2783517A00D80D3D /* Debug */ = {
			isa = XCBuildConfiguration;
			buildSettings = {
				ASSETCATALOG_COMPILER_APPICON_NAME = AppIcon;
				ASSETCATALOG_COMPILER_GLOBAL_ACCENT_COLOR_NAME = AccentColor;
				CODE_SIGN_STYLE = Automatic;
				DEVELOPMENT_TEAM = 8BC5UDJWT2;
				INFOPLIST_FILE = teamProject/Info.plist;
				LD_RUNPATH_SEARCH_PATHS = (
					"$(inherited)",
					"@executable_path/Frameworks",
				);
				PRODUCT_BUNDLE_IDENTIFIER = "-.teamProject";
				PRODUCT_NAME = "$(TARGET_NAME)";
				SWIFT_VERSION = 5.0;
				TARGETED_DEVICE_FAMILY = "1,2";
			};
			name = Debug;
		};
		CACFE0402783517A00D80D3D /* Release */ = {
			isa = XCBuildConfiguration;
			buildSettings = {
				ASSETCATALOG_COMPILER_APPICON_NAME = AppIcon;
				ASSETCATALOG_COMPILER_GLOBAL_ACCENT_COLOR_NAME = AccentColor;
				CODE_SIGN_STYLE = Automatic;
				DEVELOPMENT_TEAM = 8BC5UDJWT2;
				INFOPLIST_FILE = teamProject/Info.plist;
				LD_RUNPATH_SEARCH_PATHS = (
					"$(inherited)",
					"@executable_path/Frameworks",
				);
				PRODUCT_BUNDLE_IDENTIFIER = "-.teamProject";
				PRODUCT_NAME = "$(TARGET_NAME)";
				SWIFT_VERSION = 5.0;
				TARGETED_DEVICE_FAMILY = "1,2";
			};
			name = Release;
		};
/* End XCBuildConfiguration section */

/* Begin XCConfigurationList section */
		CACFE0252783516B00D80D3D /* Build configuration list for PBXProject "teamProject" */ = {
			isa = XCConfigurationList;
			buildConfigurations = (
				CACFE03C2783517A00D80D3D /* Debug */,
				CACFE03D2783517A00D80D3D /* Release */,
			);
			defaultConfigurationIsVisible = 0;
			defaultConfigurationName = Release;
		};
		CACFE03E2783517A00D80D3D /* Build configuration list for PBXNativeTarget "teamProject" */ = {
			isa = XCConfigurationList;
			buildConfigurations = (
				CACFE03F2783517A00D80D3D /* Debug */,
				CACFE0402783517A00D80D3D /* Release */,
			);
			defaultConfigurationIsVisible = 0;
			defaultConfigurationName = Release;
		};
/* End XCConfigurationList section */
	};
	rootObject = CACFE0222783516B00D80D3D /* Project object */;
}
